
Microsoft Visual Studio Solution File, Format Version 12.00
# Visual Studio Version 17
VisualStudioVersion = 17.0.32014.148
MinimumVisualStudioVersion = 10.0.40219.1
Project("{2150E333-8FDC-42A3-9474-1A3956D46DE8}") = "src", "src", "{193F78E9-8104-4ED1-9102-399A7DF7B687}"
EndProject
Project("{FAE04EC0-301F-11D3-BF4B-00C04F79EFBC}") = "Mkh.Tools.CLI", "src\Mkh.Tools.CLI\Mkh.Tools.CLI.csproj", "{737D7532-AAF2-4E05-A019-764BE79D7020}"
EndProject
Global
	GlobalSection(SolutionConfigurationPlatforms) = preSolution
		Debug|Any CPU = Debug|Any CPU
		Release|Any CPU = Release|Any CPU
	EndGlobalSection
	GlobalSection(ProjectConfigurationPlatforms) = postSolution
		{737D7532-AAF2-4E05-A019-764BE79D7020}.Debug|Any CPU.ActiveCfg = Debug|Any CPU
		{737D7532-AAF2-4E05-A019-764BE79D7020}.Debug|Any CPU.Build.0 = Debug|Any CPU
		{737D7532-AAF2-4E05-A019-764BE79D7020}.Release|Any CPU.ActiveCfg = Release|Any CPU
		{737D7532-AAF2-4E05-A019-764BE79D7020}.Release|Any CPU.Build.0 = Release|Any CPU
	EndGlobalSection
	GlobalSection(SolutionProperties) = preSolution
		HideSolutionNode = FALSE
	EndGlobalSection
	GlobalSection(NestedProjects) = preSolution
		{737D7532-AAF2-4E05-A019-764BE79D7020} = {193F78E9-8104-4ED1-9102-399A7DF7B687}
	EndGlobalSection
	GlobalSection(ExtensibilityGlobals) = postSolution
		SolutionGuid = {49EC4EEF-7A5D-4688-8927-7F2FC867AE06}
	EndGlobalSection
EndGlobal
